
Microsoft Visual Studio Solution File, Format Version 12.00
# Visual Studio Version 17
VisualStudioVersion = 17.0.31903.59
MinimumVisualStudioVersion = 10.0.40219.1
Project("{FAE04EC0-301F-11D3-BF4B-00C04F79EFBC}") = "Asana.CLI", "Asana.CLI\Asana.CLI.csproj", "{5AB540C1-C81D-4935-A544-FB523FA2D20F}"
EndProject
Project("{FAE04EC0-301F-11D3-BF4B-00C04F79EFBC}") = "Asana.Library", "Asanna.Library\Asana.Library.csproj", "{21421989-CB8A-403B-AF7C-C733A27204F5}"
EndProject
Global
	GlobalSection(SolutionConfigurationPlatforms) = preSolution
		Debug|Any CPU = Debug|Any CPU
		Debug|x64 = Debug|x64
		Debug|x86 = Debug|x86
		Release|Any CPU = Release|Any CPU
		Release|x64 = Release|x64
		Release|x86 = Release|x86
	EndGlobalSection
	GlobalSection(ProjectConfigurationPlatforms) = postSolution
		{5AB540C1-C81D-4935-A544-FB523FA2D20F}.Debug|Any CPU.ActiveCfg = Debug|Any CPU
		{5AB540C1-C81D-4935-A544-FB523FA2D20F}.Debug|Any CPU.Build.0 = Debug|Any CPU
		{5AB540C1-C81D-4935-A544-FB523FA2D20F}.Debug|x64.ActiveCfg = Debug|Any CPU
		{5AB540C1-C81D-4935-A544-FB523FA2D20F}.Debug|x64.Build.0 = Debug|Any CPU
		{5AB540C1-C81D-4935-A544-FB523FA2D20F}.Debug|x86.ActiveCfg = Debug|Any CPU
		{5AB540C1-C81D-4935-A544-FB523FA2D20F}.Debug|x86.Build.0 = Debug|Any CPU
		{5AB540C1-C81D-4935-A544-FB523FA2D20F}.Release|Any CPU.ActiveCfg = Release|Any CPU
		{5AB540C1-C81D-4935-A544-FB523FA2D20F}.Release|Any CPU.Build.0 = Release|Any CPU
		{5AB540C1-C81D-4935-A544-FB523FA2D20F}.Release|x64.ActiveCfg = Release|Any CPU
		{5AB540C1-C81D-4935-A544-FB523FA2D20F}.Release|x64.Build.0 = Release|Any CPU
		{5AB540C1-C81D-4935-A544-FB523FA2D20F}.Release|x86.ActiveCfg = Release|Any CPU
		{5AB540C1-C81D-4935-A544-FB523FA2D20F}.Release|x86.Build.0 = Release|Any CPU
		{21421989-CB8A-403B-AF7C-C733A27204F5}.Debug|Any CPU.ActiveCfg = Debug|Any CPU
		{21421989-CB8A-403B-AF7C-C733A27204F5}.Debug|Any CPU.Build.0 = Debug|Any CPU
		{21421989-CB8A-403B-AF7C-C733A27204F5}.Debug|x64.ActiveCfg = Debug|Any CPU
		{21421989-CB8A-403B-AF7C-C733A27204F5}.Debug|x64.Build.0 = Debug|Any CPU
		{21421989-CB8A-403B-AF7C-C733A27204F5}.Debug|x86.ActiveCfg = Debug|Any CPU
		{21421989-CB8A-403B-AF7C-C733A27204F5}.Debug|x86.Build.0 = Debug|Any CPU
		{21421989-CB8A-403B-AF7C-C733A27204F5}.Release|Any CPU.ActiveCfg = Release|Any CPU
		{21421989-CB8A-403B-AF7C-C733A27204F5}.Release|Any CPU.Build.0 = Release|Any CPU
		{21421989-CB8A-403B-AF7C-C733A27204F5}.Release|x64.ActiveCfg = Release|Any CPU
		{21421989-CB8A-403B-AF7C-C733A27204F5}.Release|x64.Build.0 = Release|Any CPU
		{21421989-CB8A-403B-AF7C-C733A27204F5}.Release|x86.ActiveCfg = Release|Any CPU
		{21421989-CB8A-403B-AF7C-C733A27204F5}.Release|x86.Build.0 = Release|Any CPU
	EndGlobalSection
	GlobalSection(SolutionProperties) = preSolution
		HideSolutionNode = FALSE
	EndGlobalSection
EndGlobal
